{
  "name": "LaboratoriosTermodinamica",
  "lockfileVersion": 2,
  "requires": true,
  "packages": {
    "": {
      "dependencies": {
        "vue-google-oauth2": "^1.5.8",
        "vue3-google-oauth2": "^1.0.6"
      }
    },
    "node_modules/vue-google-oauth2": {
      "version": "1.5.8",
      "resolved": "https://registry.npmjs.org/vue-google-oauth2/-/vue-google-oauth2-1.5.8.tgz",
      "integrity": "sha512-mATpPrLjzjAoUwgFC2feEZEhyoFyItPQSdEgX3m+rHI17sXLEdKzcMLmk+8B1obu4J/YVuVRR9A1afs+4VEk0Q=="
    },
    "node_modules/vue3-google-oauth2": {
      "version": "1.0.6",
      "resolved": "https://registry.npmjs.org/vue3-google-oauth2/-/vue3-google-oauth2-1.0.6.tgz",
      "integrity": "sha512-ebUW3V1jejImw2z9nggjczPj4jUnZArNq+kgTdLdGuf6k/zQDDCeGTLmTUiy5gSXMbzVz9PQWiVEj8eX6y/I0Q=="
    }
  },
  "dependencies": {
    "vue-google-oauth2": {
      "version": "1.5.8",
      "resolved": "https://registry.npmjs.org/vue-google-oauth2/-/vue-google-oauth2-1.5.8.tgz",
      "integrity": "sha512-mATpPrLjzjAoUwgFC2feEZEhyoFyItPQSdEgX3m+rHI17sXLEdKzcMLmk+8B1obu4J/YVuVRR9A1afs+4VEk0Q=="
    },
    "vue3-google-oauth2": {
      "version": "1.0.6",
      "resolved": "https://registry.npmjs.org/vue3-google-oauth2/-/vue3-google-oauth2-1.0.6.tgz",
      "integrity": "sha512-ebUW3V1jejImw2z9nggjczPj4jUnZArNq+kgTdLdGuf6k/zQDDCeGTLmTUiy5gSXMbzVz9PQWiVEj8eX6y/I0Q=="
    }
  }
}
